// !$*UTF8*$!
{
	archiveVersion = 1;
	classes = {
	};
	objectVersion = 46;
	objects = {

/* Begin PBXBuildFile section */
		6C6B7DEB1746B55F00E1F193 /* UIKit.framework in Frameworks */ = {isa = PBXBuildFile; fileRef = 6C6B7DEA1746B55F00E1F193 /* UIKit.framework */; };
		6C6B7DED1746B55F00E1F193 /* Foundation.framework in Frameworks */ = {isa = PBXBuildFile; fileRef = 6C6B7DEC1746B55F00E1F193 /* Foundation.framework */; };
		6C6B7DEF1746B55F00E1F193 /* CoreGraphics.framework in Frameworks */ = {isa = PBXBuildFile; fileRef = 6C6B7DEE1746B55F00E1F193 /* CoreGraphics.framework */; };
		6C6B7DF51746B55F00E1F193 /* InfoPlist.strings in Resources */ = {isa = PBXBuildFile; fileRef = 6C6B7DF31746B55F00E1F193 /* InfoPlist.strings */; };
		6C6B7DF71746B55F00E1F193 /* main.m in Sources */ = {isa = PBXBuildFile; fileRef = 6C6B7DF61746B55F00E1F193 /* main.m */; };
		6C6B7DFB1746B55F00E1F193 /* HRAppDelegate.m in Sources */ = {isa = PBXBuildFile; fileRef = 6C6B7DFA1746B55F00E1F193 /* HRAppDelegate.m */; };
		6C6B7DFD1746B55F00E1F193 /* Default.png in Resources */ = {isa = PBXBuildFile; fileRef = 6C6B7DFC1746B55F00E1F193 /* Default.png */; };
		6C6B7DFF1746B55F00E1F193 /* Default@2x.png in Resources */ = {isa = PBXBuildFile; fileRef = 6C6B7DFE1746B55F00E1F193 /* Default@2x.png */; };
		6C6B7E011746B55F00E1F193 /* Default-568h@2x.png in Resources */ = {isa = PBXBuildFile; fileRef = 6C6B7E001746B55F00E1F193 /* Default-568h@2x.png */; };
		6C6B7E091746B57500E1F193 /* GCDAsyncUdpSocket.m in Sources */ = {isa = PBXBuildFile; fileRef = 6C6B7E081746B57500E1F193 /* GCDAsyncUdpSocket.m */; };
		6C6B7E0C1746B58200E1F193 /* HRMainView.m in Sources */ = {isa = PBXBuildFile; fileRef = 6C6B7E0B1746B58200E1F193 /* HRMainView.m */; };
		6C6B7E0F1746B58B00E1F193 /* HRMainViewController.m in Sources */ = {isa = PBXBuildFile; fileRef = 6C6B7E0E1746B58B00E1F193 /* HRMainViewController.m */; };
/* End PBXBuildFile section */

/* Begin PBXFileReference section */
		6C6B7DE71746B55F00E1F193 /* Home Remote.app */ = {isa = PBXFileReference; explicitFileType = wrapper.application; includeInIndex = 0; path = "Home Remote.app"; sourceTree = BUILT_PRODUCTS_DIR; };
		6C6B7DEA1746B55F00E1F193 /* UIKit.framework */ = {isa = PBXFileReference; lastKnownFileType = wrapper.framework; name = UIKit.framework; path = System/Library/Frameworks/UIKit.framework; sourceTree = SDKROOT; };
		6C6B7DEC1746B55F00E1F193 /* Foundation.framework */ = {isa = PBXFileReference; lastKnownFileType = wrapper.framework; name = Foundation.framework; path = System/Library/Frameworks/Foundation.framework; sourceTree = SDKROOT; };
		6C6B7DEE1746B55F00E1F193 /* CoreGraphics.framework */ = {isa = PBXFileReference; lastKnownFileType = wrapper.framework; name = CoreGraphics.framework; path = System/Library/Frameworks/CoreGraphics.framework; sourceTree = SDKROOT; };
		6C6B7DF21746B55F00E1F193 /* Home Remote-Info.plist */ = {isa = PBXFileReference; lastKnownFileType = text.plist.xml; path = "Home Remote-Info.plist"; sourceTree = "<group>"; };
		6C6B7DF41746B55F00E1F193 /* en */ = {isa = PBXFileReference; lastKnownFileType = text.plist.strings; name = en; path = en.lproj/InfoPlist.strings; sourceTree = "<group>"; };
		6C6B7DF61746B55F00E1F193 /* main.m */ = {isa = PBXFileReference; lastKnownFileType = sourcecode.c.objc; path = main.m; sourceTree = "<group>"; };
		6C6B7DF81746B55F00E1F193 /* Home Remote-Prefix.pch */ = {isa = PBXFileReference; lastKnownFileType = sourcecode.c.h; path = "Home Remote-Prefix.pch"; sourceTree = "<group>"; };
		6C6B7DF91746B55F00E1F193 /* HRAppDelegate.h */ = {isa = PBXFileReference; lastKnownFileType = sourcecode.c.h; path = HRAppDelegate.h; sourceTree = "<group>"; };
		6C6B7DFA1746B55F00E1F193 /* HRAppDelegate.m */ = {isa = PBXFileReference; lastKnownFileType = sourcecode.c.objc; path = HRAppDelegate.m; sourceTree = "<group>"; };
		6C6B7DFC1746B55F00E1F193 /* Default.png */ = {isa = PBXFileReference; lastKnownFileType = image.png; path = Default.png; sourceTree = "<group>"; };
		6C6B7DFE1746B55F00E1F193 /* Default@2x.png */ = {isa = PBXFileReference; lastKnownFileType = image.png; path = "Default@2x.png"; sourceTree = "<group>"; };
		6C6B7E001746B55F00E1F193 /* Default-568h@2x.png */ = {isa = PBXFileReference; lastKnownFileType = image.png; path = "Default-568h@2x.png"; sourceTree = "<group>"; };
		6C6B7E071746B57500E1F193 /* GCDAsyncUdpSocket.h */ = {isa = PBXFileReference; fileEncoding = 4; lastKnownFileType = sourcecode.c.h; path = GCDAsyncUdpSocket.h; sourceTree = "<group>"; };
		6C6B7E081746B57500E1F193 /* GCDAsyncUdpSocket.m */ = {isa = PBXFileReference; fileEncoding = 4; lastKnownFileType = sourcecode.c.objc; path = GCDAsyncUdpSocket.m; sourceTree = "<group>"; };
		6C6B7E0A1746B58200E1F193 /* HRMainView.h */ = {isa = PBXFileReference; fileEncoding = 4; lastKnownFileType = sourcecode.c.h; path = HRMainView.h; sourceTree = "<group>"; };
		6C6B7E0B1746B58200E1F193 /* HRMainView.m */ = {isa = PBXFileReference; fileEncoding = 4; lastKnownFileType = sourcecode.c.objc; path = HRMainView.m; sourceTree = "<group>"; };
		6C6B7E0D1746B58B00E1F193 /* HRMainViewController.h */ = {isa = PBXFileReference; fileEncoding = 4; lastKnownFileType = sourcecode.c.h; path = HRMainViewController.h; sourceTree = "<group>"; };
		6C6B7E0E1746B58B00E1F193 /* HRMainViewController.m */ = {isa = PBXFileReference; fileEncoding = 4; lastKnownFileType = sourcecode.c.objc; path = HRMainViewController.m; sourceTree = "<group>"; };
/* End PBXFileReference section */

/* Begin PBXFrameworksBuildPhase section */
		6C6B7DE41746B55F00E1F193 /* Frameworks */ = {
			isa = PBXFrameworksBuildPhase;
			buildActionMask = 2147483647;
			files = (
				6C6B7DEB1746B55F00E1F193 /* UIKit.framework in Frameworks */,
				6C6B7DED1746B55F00E1F193 /* Foundation.framework in Frameworks */,
				6C6B7DEF1746B55F00E1F193 /* CoreGraphics.framework in Frameworks */,
			);
			runOnlyForDeploymentPostprocessing = 0;
		};
/* End PBXFrameworksBuildPhase section */

/* Begin PBXGroup section */
		6C6B7DDE1746B55F00E1F193 = {
			isa = PBXGroup;
			children = (
				6C6B7DF01746B55F00E1F193 /* Home Remote */,
				6C6B7DE91746B55F00E1F193 /* Frameworks */,
				6C6B7DE81746B55F00E1F193 /* Products */,
			);
			sourceTree = "<group>";
		};
		6C6B7DE81746B55F00E1F193 /* Products */ = {
			isa = PBXGroup;
			children = (
				6C6B7DE71746B55F00E1F193 /* Home Remote.app */,
			);
			name = Products;
			sourceTree = "<group>";
		};
		6C6B7DE91746B55F00E1F193 /* Frameworks */ = {
			isa = PBXGroup;
			children = (
				6C6B7DEA1746B55F00E1F193 /* UIKit.framework */,
				6C6B7DEC1746B55F00E1F193 /* Foundation.framework */,
				6C6B7DEE1746B55F00E1F193 /* CoreGraphics.framework */,
			);
			name = Frameworks;
			sourceTree = "<group>";
		};
		6C6B7DF01746B55F00E1F193 /* Home Remote */ = {
			isa = PBXGroup;
			children = (
				6C6B7E071746B57500E1F193 /* GCDAsyncUdpSocket.h */,
				6C6B7E081746B57500E1F193 /* GCDAsyncUdpSocket.m */,
				6C6B7DF91746B55F00E1F193 /* HRAppDelegate.h */,
				6C6B7DFA1746B55F00E1F193 /* HRAppDelegate.m */,
				6C6B7DF11746B55F00E1F193 /* Supporting Files */,
				6C6B7E0A1746B58200E1F193 /* HRMainView.h */,
				6C6B7E0B1746B58200E1F193 /* HRMainView.m */,
				6C6B7E0D1746B58B00E1F193 /* HRMainViewController.h */,
				6C6B7E0E1746B58B00E1F193 /* HRMainViewController.m */,
			);
			path = "Home Remote";
			sourceTree = "<group>";
		};
		6C6B7DF11746B55F00E1F193 /* Supporting Files */ = {
			isa = PBXGroup;
			children = (
				6C6B7DF21746B55F00E1F193 /* Home Remote-Info.plist */,
				6C6B7DF31746B55F00E1F193 /* InfoPlist.strings */,
				6C6B7DF61746B55F00E1F193 /* main.m */,
				6C6B7DF81746B55F00E1F193 /* Home Remote-Prefix.pch */,
				6C6B7DFC1746B55F00E1F193 /* Default.png */,
				6C6B7DFE1746B55F00E1F193 /* Default@2x.png */,
				6C6B7E001746B55F00E1F193 /* Default-568h@2x.png */,
			);
			name = "Supporting Files";
			sourceTree = "<group>";
		};
/* End PBXGroup section */

/* Begin PBXNativeTarget section */
		6C6B7DE61746B55F00E1F193 /* Home Remote */ = {
			isa = PBXNativeTarget;
			buildConfigurationList = 6C6B7E041746B55F00E1F193 /* Build configuration list for PBXNativeTarget "Home Remote" */;
			buildPhases = (
				6C6B7DE31746B55F00E1F193 /* Sources */,
				6C6B7DE41746B55F00E1F193 /* Frameworks */,
				6C6B7DE51746B55F00E1F193 /* Resources */,
			);
			buildRules = (
			);
			dependencies = (
			);
			name = "Home Remote";
			productName = "Home Remote";
			productReference = 6C6B7DE71746B55F00E1F193 /* Home Remote.app */;
			productType = "com.apple.product-type.application";
		};
/* End PBXNativeTarget section */

/* Begin PBXProject section */
		6C6B7DDF1746B55F00E1F193 /* Project object */ = {
			isa = PBXProject;
			attributes = {
				CLASSPREFIX = HR;
				LastUpgradeCheck = 0460;
				ORGANIZATIONNAME = aboutme;
			};
			buildConfigurationList = 6C6B7DE21746B55F00E1F193 /* Build configuration list for PBXProject "Home Remote" */;
			compatibilityVersion = "Xcode 3.2";
			developmentRegion = English;
			hasScannedForEncodings = 0;
			knownRegions = (
				en,
			);
			mainGroup = 6C6B7DDE1746B55F00E1F193;
			productRefGroup = 6C6B7DE81746B55F00E1F193 /* Products */;
			projectDirPath = "";
			projectRoot = "";
			targets = (
				6C6B7DE61746B55F00E1F193 /* Home Remote */,
			);
		};
/* End PBXProject section */

/* Begin PBXResourcesBuildPhase section */
		6C6B7DE51746B55F00E1F193 /* Resources */ = {
			isa = PBXResourcesBuildPhase;
			buildActionMask = 2147483647;
			files = (
				6C6B7DF51746B55F00E1F193 /* InfoPlist.strings in Resources */,
				6C6B7DFD1746B55F00E1F193 /* Default.png in Resources */,
				6C6B7DFF1746B55F00E1F193 /* Default@2x.png in Resources */,
				6C6B7E011746B55F00E1F193 /* Default-568h@2x.png in Resources */,
			);
			runOnlyForDeploymentPostprocessing = 0;
		};
/* End PBXResourcesBuildPhase section */

/* Begin PBXSourcesBuildPhase section */
		6C6B7DE31746B55F00E1F193 /* Sources */ = {
			isa = PBXSourcesBuildPhase;
			buildActionMask = 2147483647;
			files = (
				6C6B7DF71746B55F00E1F193 /* main.m in Sources */,
				6C6B7DFB1746B55F00E1F193 /* HRAppDelegate.m in Sources */,
				6C6B7E091746B57500E1F193 /* GCDAsyncUdpSocket.m in Sources */,
				6C6B7E0C1746B58200E1F193 /* HRMainView.m in Sources */,
				6C6B7E0F1746B58B00E1F193 /* HRMainViewController.m in Sources */,
			);
			runOnlyForDeploymentPostprocessing = 0;
		};
/* End PBXSourcesBuildPhase section */

/* Begin PBXVariantGroup section */
		6C6B7DF31746B55F00E1F193 /* InfoPlist.strings */ = {
			isa = PBXVariantGroup;
			children = (
				6C6B7DF41746B55F00E1F193 /* en */,
			);
			name = InfoPlist.strings;
			sourceTree = "<group>";
		};
/* End PBXVariantGroup section */

/* Begin XCBuildConfiguration section */
		6C6B7E021746B55F00E1F193 /* Debug */ = {
			isa = XCBuildConfiguration;
			buildSettings = {
				ALWAYS_SEARCH_USER_PATHS = NO;
				CLANG_CXX_LANGUAGE_STANDARD = "gnu++0x";
				CLANG_CXX_LIBRARY = "libc++";
				CLANG_ENABLE_OBJC_ARC = YES;
				CLANG_WARN_CONSTANT_CONVERSION = YES;
				CLANG_WARN_EMPTY_BODY = YES;
				CLANG_WARN_ENUM_CONVERSION = YES;
				CLANG_WARN_INT_CONVERSION = YES;
				CLANG_WARN__DUPLICATE_METHOD_MATCH = YES;
				"CODE_SIGN_IDENTITY[sdk=iphoneos*]" = "iPhone Developer";
				COPY_PHASE_STRIP = NO;
				GCC_C_LANGUAGE_STANDARD = gnu99;
				GCC_DYNAMIC_NO_PIC = NO;
				GCC_OPTIMIZATION_LEVEL = 0;
				GCC_PREPROCESSOR_DEFINITIONS = (
					"DEBUG=1",
					"$(inherited)",
				);
				GCC_SYMBOLS_PRIVATE_EXTERN = NO;
				GCC_WARN_ABOUT_RETURN_TYPE = YES;
				GCC_WARN_UNINITIALIZED_AUTOS = YES;
				GCC_WARN_UNUSED_VARIABLE = YES;
				IPHONEOS_DEPLOYMENT_TARGET = 6.1;
				ONLY_ACTIVE_ARCH = YES;
				SDKROOT = iphoneos;
				TARGETED_DEVICE_FAMILY = "1,2";
			};
			name = Debug;
		};
		6C6B7E031746B55F00E1F193 /* Release */ = {
			isa = XCBuildConfiguration;
			buildSettings = {
				ALWAYS_SEARCH_USER_PATHS = NO;
				CLANG_CXX_LANGUAGE_STANDARD = "gnu++0x";
				CLANG_CXX_LIBRARY = "libc++";
				CLANG_ENABLE_OBJC_ARC = YES;
				CLANG_WARN_CONSTANT_CONVERSION = YES;
				CLANG_WARN_EMPTY_BODY = YES;
				CLANG_WARN_ENUM_CONVERSION = YES;
				CLANG_WARN_INT_CONVERSION = YES;
				CLANG_WARN__DUPLICATE_METHOD_MATCH = YES;
				"CODE_SIGN_IDENTITY[sdk=iphoneos*]" = "iPhone Developer";
				COPY_PHASE_STRIP = YES;
				GCC_C_LANGUAGE_STANDARD = gnu99;
				GCC_WARN_ABOUT_RETURN_TYPE = YES;
				GCC_WARN_UNINITIALIZED_AUTOS = YES;
				GCC_WARN_UNUSED_VARIABLE = YES;
				IPHONEOS_DEPLOYMENT_TARGET = 6.1;
				OTHER_CFLAGS = "-DNS_BLOCK_ASSERTIONS=1";
				SDKROOT = iphoneos;
				TARGETED_DEVICE_FAMILY = "1,2";
				VALIDATE_PRODUCT = YES;
			};
			name = Release;
		};
		6C6B7E051746B55F00E1F193 /* Debug */ = {
			isa = XCBuildConfiguration;
			buildSettings = {
				GCC_PRECOMPILE_PREFIX_HEADER = YES;
				GCC_PREFIX_HEADER = "Home Remote/Home Remote-Prefix.pch";
				INFOPLIST_FILE = "Home Remote/Home Remote-Info.plist";
				PRODUCT_NAME = "$(TARGET_NAME)";
				WRAPPER_EXTENSION = app;
			};
			name = Debug;
		};
		6C6B7E061746B55F00E1F193 /* Release */ = {
			isa = XCBuildConfiguration;
			buildSettings = {
				GCC_PRECOMPILE_PREFIX_HEADER = YES;
				GCC_PREFIX_HEADER = "Home Remote/Home Remote-Prefix.pch";
				INFOPLIST_FILE = "Home Remote/Home Remote-Info.plist";
				PRODUCT_NAME = "$(TARGET_NAME)";
				WRAPPER_EXTENSION = app;
			};
			name = Release;
		};
/* End XCBuildConfiguration section */

/* Begin XCConfigurationList section */
		6C6B7DE21746B55F00E1F193 /* Build configuration list for PBXProject "Home Remote" */ = {
			isa = XCConfigurationList;
			buildConfigurations = (
				6C6B7E021746B55F00E1F193 /* Debug */,
				6C6B7E031746B55F00E1F193 /* Release */,
			);
			defaultConfigurationIsVisible = 0;
			defaultConfigurationName = Release;
		};
		6C6B7E041746B55F00E1F193 /* Build configuration list for PBXNativeTarget "Home Remote" */ = {
			isa = XCConfigurationList;
			buildConfigurations = (
				6C6B7E051746B55F00E1F193 /* Debug */,
				6C6B7E061746B55F00E1F193 /* Release */,
			);
			defaultConfigurationIsVisible = 0;
		};
/* End XCConfigurationList section */
	};
	rootObject = 6C6B7DDF1746B55F00E1F193 /* Project object */;
}
